{
  "nodes": {
    "flake-utils": {
      "locked": {
        "lastModified": 1644229661,
        "narHash": "sha256-1YdnJAsNy69bpcjuoKdOYQX0YxZBiCYZo4Twxerqv7k=",
        "owner": "numtide",
        "repo": "flake-utils",
        "rev": "3cecb5b042f7f209c56ffd8371b2711a290ec797",
        "type": "github"
      },
      "original": {
        "owner": "numtide",
        "repo": "flake-utils",
        "type": "github"
      }
    },
    "nixpkgs": {
      "locked": {
        "lastModified": 1646933238,
        "narHash": "sha256-RZJnLN0o4B35eTnUc2tEAD12X5TNeeJhhvH3Fd6Pmdo=",
        "owner": "NixOS",
        "repo": "nixpkgs",
        "rev": "bacbfd713b4781a4a82c1f390f8fe21ae3b8b95b",
        "type": "github"
      },
      "original": {
        "owner": "NixOS",
        "ref": "nixos-21.11",
        "repo": "nixpkgs",
        "type": "github"
      }
    },
    "root": {
      "inputs": {
        "flake-utils": "flake-utils",
        "nixpkgs": "nixpkgs",
        "tinycmmc": "tinycmmc"
      }
    },
    "tinycmmc": {
      "inputs": {
        "flake-utils": [
          "flake-utils"
        ],
        "nixpkgs": [
          "nixpkgs"
        ]
      },
      "locked": {
        "lastModified": 1647094963,
        "narHash": "sha256-8FzS0dq3yvzWxO5vjTC5B7xJIflAdVIunQXNpvrq0fM=",
        "owner": "grumbel",
        "repo": "cmake-modules",
        "rev": "84c8ed49605d46d58e6a5dd4e3427a5aa2f32a17",
        "type": "gitlab"
      },
      "original": {
        "owner": "grumbel",
        "repo": "cmake-modules",
        "type": "gitlab"
      }
    }
  },
  "root": "root",
  "version": 7
}
