{
  "nodes": {
    "flake-utils": {
      "locked": {
        "lastModified": 1634851050,
        "narHash": "sha256-N83GlSGPJJdcqhUxSCS/WwW5pksYf3VP1M13cDRTSVA=",
        "owner": "numtide",
        "repo": "flake-utils",
        "rev": "c91f3de5adaf1de973b797ef7485e441a65b8935",
        "type": "github"
      },
      "original": {
        "owner": "numtide",
        "repo": "flake-utils",
        "type": "github"
      }
    },
    "flake-utils_2": {
      "locked": {
        "lastModified": 1634851050,
        "narHash": "sha256-N83GlSGPJJdcqhUxSCS/WwW5pksYf3VP1M13cDRTSVA=",
        "owner": "numtide",
        "repo": "flake-utils",
        "rev": "c91f3de5adaf1de973b797ef7485e441a65b8935",
        "type": "github"
      },
      "original": {
        "owner": "numtide",
        "repo": "flake-utils",
        "type": "github"
      }
    },
    "lowdown-src": {
      "flake": false,
      "locked": {
        "lastModified": 1633514407,
        "narHash": "sha256-Dw32tiMjdK9t3ETl5fzGrutQTzh2rufgZV4A/BbxuD4=",
        "owner": "kristapsdz",
        "repo": "lowdown",
        "rev": "d2c2b44ff6c27b936ec27358a2653caaef8f73b8",
        "type": "github"
      },
      "original": {
        "owner": "kristapsdz",
        "repo": "lowdown",
        "type": "github"
      }
    },
    "nix": {
      "inputs": {
        "lowdown-src": "lowdown-src",
        "nixpkgs": "nixpkgs"
      },
      "locked": {
        "lastModified": 1636130118,
        "narHash": "sha256-8HWSbvu3OfXAg8CHoQGWyQ/r6cAmNb6EX6zGUKYWiz8=",
        "owner": "NixOS",
        "repo": "nix",
        "rev": "3d6ee223d6fff37610790dfbda1329f05bfc4058",
        "type": "github"
      },
      "original": {
        "id": "nix",
        "type": "indirect"
      }
    },
    "nixpkgs": {
      "locked": {
        "lastModified": 1632864508,
        "narHash": "sha256-d127FIvGR41XbVRDPVvozUPQ/uRHbHwvfyKHwEt5xFM=",
        "owner": "NixOS",
        "repo": "nixpkgs",
        "rev": "82891b5e2c2359d7e58d08849e4c89511ab94234",
        "type": "github"
      },
      "original": {
        "id": "nixpkgs",
        "ref": "nixos-21.05-small",
        "type": "indirect"
      }
    },
    "nixpkgs_2": {
      "locked": {
        "lastModified": 1636312093,
        "narHash": "sha256-CrIhHvqvahDPu/klOLwDLvfeH2+DoVZ9eGAE//xfieo=",
        "owner": "nixos",
        "repo": "nixpkgs",
        "rev": "3b0bff383f8e894b1ee7a30b62c8b727a68511df",
        "type": "github"
      },
      "original": {
        "owner": "nixos",
        "repo": "nixpkgs",
        "type": "github"
      }
    },
    "nixpkgs_3": {
      "locked": {
        "lastModified": 1636306464,
        "narHash": "sha256-ScXJH4/9AfYm1/O5gQuKhSH8DWWzN0ofbZN6sZ0x+Hw=",
        "owner": "nixos",
        "repo": "nixpkgs",
        "rev": "ea5437f80c60bb7a8c5ca258dd443aa96c5e763f",
        "type": "github"
      },
      "original": {
        "owner": "nixos",
        "repo": "nixpkgs",
        "type": "github"
      }
    },
    "root": {
      "inputs": {
        "flake-utils": "flake-utils",
        "nix": "nix",
        "nixpkgs": "nixpkgs_2",
        "tinycmmc": "tinycmmc"
      }
    },
    "tinycmmc": {
      "inputs": {
        "flake-utils": "flake-utils_2",
        "nixpkgs": "nixpkgs_3"
      },
      "locked": {
        "lastModified": 1636314733,
        "narHash": "sha256-0BjO5d0Dgv79fyWRUuXvzwTIcWrj87ls9TIZCWeAm3A=",
        "ref": "master",
        "rev": "d2f6d6e8507b4da65d3401ca684c20c77b975d57",
        "revCount": 25,
        "type": "git",
        "url": "file:///home/ingo/projects/lispparser/sexp-cpp/external/cmake-modules/"
      },
      "original": {
        "type": "git",
        "url": "file:///home/ingo/projects/lispparser/sexp-cpp/external/cmake-modules/"
      }
    }
  },
  "root": "root",
  "version": 7
}
